
Microsoft Visual Studio Solution File, Format Version 12.00
# Visual Studio 2012
Project("{8BC9CEB8-8B4A-11D0-8D11-00A0C91BC942}") = "RationalNumber", "RationalNumber\RationalNumber.vcxproj", "{C673476F-0681-4002-A7F5-A28BDBB8CB3D}"
EndProject
Global
	GlobalSection(SolutionConfigurationPlatforms) = preSolution
		Debug|Win32 = Debug|Win32
		Release|Win32 = Release|Win32
	EndGlobalSection
	GlobalSection(ProjectConfigurationPlatforms) = postSolution
		{C673476F-0681-4002-A7F5-A28BDBB8CB3D}.Debug|Win32.ActiveCfg = Debug|Win32
		{C673476F-0681-4002-A7F5-A28BDBB8CB3D}.Debug|Win32.Build.0 = Debug|Win32
		{C673476F-0681-4002-A7F5-A28BDBB8CB3D}.Release|Win32.ActiveCfg = Release|Win32
		{C673476F-0681-4002-A7F5-A28BDBB8CB3D}.Release|Win32.Build.0 = Release|Win32
	EndGlobalSection
	GlobalSection(SolutionProperties) = preSolution
		HideSolutionNode = FALSE
	EndGlobalSection
EndGlobal
