
Microsoft Visual Studio Solution File, Format Version 12.00
# Visual Studio 2012
Project("{FAE04EC0-301F-11D3-BF4B-00C04F79EFBC}") = "C14 Ex01 Shirly 304816499 Oreyan 201435484", "C14 Ex01 Shirly 304816499 Oreyan 201435484\C14 Ex01 Shirly 304816499 Oreyan 201435484.csproj", "{0919DC02-6BD7-4AAC-8DD1-0E67503858DC}"
EndProject
Global
	GlobalSection(SolutionConfigurationPlatforms) = preSolution
		Debug|Any CPU = Debug|Any CPU
		Release|Any CPU = Release|Any CPU
	EndGlobalSection
	GlobalSection(ProjectConfigurationPlatforms) = postSolution
		{0919DC02-6BD7-4AAC-8DD1-0E67503858DC}.Debug|Any CPU.ActiveCfg = Debug|Any CPU
		{0919DC02-6BD7-4AAC-8DD1-0E67503858DC}.Debug|Any CPU.Build.0 = Debug|Any CPU
		{0919DC02-6BD7-4AAC-8DD1-0E67503858DC}.Release|Any CPU.ActiveCfg = Release|Any CPU
		{0919DC02-6BD7-4AAC-8DD1-0E67503858DC}.Release|Any CPU.Build.0 = Release|Any CPU
	EndGlobalSection
	GlobalSection(SolutionProperties) = preSolution
		HideSolutionNode = FALSE
	EndGlobalSection
EndGlobal
