<?xml version="1.0" encoding="utf-8"?>
<Project ToolsVersion="4.0" xmlns="http://schemas.microsoft.com/developer/msbuild/2003">
  <ItemGroup>
    <Filter Include="Source Files">
      <UniqueIdentifier>{4FC737F1-C7A5-4376-A066-2A32D752A2FF}</UniqueIdentifier>
      <Extensions>cpp;c;cc;cxx;def;odl;idl;hpj;bat;asm;asmx</Extensions>
    </Filter>
    <Filter Include="Header Files">
      <UniqueIdentifier>{93995380-89BD-4b04-88EB-625FBE52EBFB}</UniqueIdentifier>
      <Extensions>h;hpp;hxx;hm;inl;inc;xsd</Extensions>
    </Filter>
    <Filter Include="Resource Files">
      <UniqueIdentifier>{67DA6AB6-F800-4c08-8B7A-83BB121AAD01}</UniqueIdentifier>
      <Extensions>rc;ico;cur;bmp;dlg;rc2;rct;bin;rgs;gif;jpg;jpeg;jpe;resx;tiff;tif;png;wav;mfcribbon-ms</Extensions>
    </Filter>
  </ItemGroup>
  <ItemGroup>
    <ClInclude Include="AllCourses.h">
      <Filter>Header Files</Filter>
    </ClInclude>
    <ClInclude Include="AllStudents.h">
      <Filter>Header Files</Filter>
    </ClInclude>
    <ClInclude Include="AllTeachers.h">
      <Filter>Header Files</Filter>
    </ClInclude>
    <ClInclude Include="Course.h">
      <Filter>Header Files</Filter>
    </ClInclude>
    <ClInclude Include="Date.h">
      <Filter>Header Files</Filter>
    </ClInclude>
    <ClInclude Include="FirstDegree.h">
      <Filter>Header Files</Filter>
    </ClInclude>
    <ClInclude Include="FirstDegreeCourse.h">
      <Filter>Header Files</Filter>
    </ClInclude>
    <ClInclude Include="NotStuding.h">
      <Filter>Header Files</Filter>
    </ClInclude>
    <ClInclude Include="Person.h">
      <Filter>Header Files</Filter>
    </ClInclude>
    <ClInclude Include="SecondDegree.h">
      <Filter>Header Files</Filter>
    </ClInclude>
    <ClInclude Include="SecondDegreeCourse.h">
      <Filter>Header Files</Filter>
    </ClInclude>
    <ClInclude Include="Student.h">
      <Filter>Header Files</Filter>
    </ClInclude>
    <ClInclude Include="StudentInterface.h">
      <Filter>Header Files</Filter>
    </ClInclude>
    <ClInclude Include="Teacher.h">
      <Filter>Header Files</Filter>
    </ClInclude>
    <ClInclude Include="TeacherInterface.h">
      <Filter>Header Files</Filter>
    </ClInclude>
    <ClInclude Include="UsersInterface.h">
      <Filter>Header Files</Filter>
    </ClInclude>
    <ClInclude Include="Address.h">
      <Filter>Header Files</Filter>
    </ClInclude>
    <ClInclude Include="AdministrativePeople.h">
      <Filter>Header Files</Filter>
    </ClInclude>
    <ClInclude Include="AdministrativePeopleInterface.h">
      <Filter>Header Files</Filter>
    </ClInclude>
    <ClInclude Include="AdvancedFirstDegreeCourse.h">
      <Filter>Header Files</Filter>
    </ClInclude>
  </ItemGroup>
  <ItemGroup>
    <ClCompile Include="FirstDegree.cpp">
      <Filter>Source Files</Filter>
    </ClCompile>
    <ClCompile Include="main.cpp">
      <Filter>Source Files</Filter>
    </ClCompile>
    <ClCompile Include="NotStuding.cpp">
      <Filter>Source Files</Filter>
    </ClCompile>
    <ClCompile Include="Person.cpp">
      <Filter>Source Files</Filter>
    </ClCompile>
    <ClCompile Include="SecondDegree.cpp">
      <Filter>Source Files</Filter>
    </ClCompile>
    <ClCompile Include="Student.cpp">
      <Filter>Source Files</Filter>
    </ClCompile>
    <ClCompile Include="StudentInterface.cpp">
      <Filter>Source Files</Filter>
    </ClCompile>
    <ClCompile Include="Teacher.cpp">
      <Filter>Source Files</Filter>
    </ClCompile>
    <ClCompile Include="TeacherInterface.cpp">
      <Filter>Source Files</Filter>
    </ClCompile>
    <ClCompile Include="Address.cpp">
      <Filter>Source Files</Filter>
    </ClCompile>
    <ClCompile Include="AdministrativePeopleInterface.cpp">
      <Filter>Source Files</Filter>
    </ClCompile>
    <ClCompile Include="AllCourses.cpp">
      <Filter>Source Files</Filter>
    </ClCompile>
    <ClCompile Include="AllStudents.cpp">
      <Filter>Source Files</Filter>
    </ClCompile>
    <ClCompile Include="AllTeachers.cpp">
      <Filter>Source Files</Filter>
    </ClCompile>
    <ClCompile Include="Course.cpp">
      <Filter>Source Files</Filter>
    </ClCompile>
    <ClCompile Include="Date.cpp">
      <Filter>Source Files</Filter>
    </ClCompile>
  </ItemGroup>
</Project>