
Microsoft Visual Studio Solution File, Format Version 12.00
# Visual Studio 2012
Project("{8BC9CEB8-8B4A-11D0-8D11-00A0C91BC942}") = "Dictionary", "Dictionary\Dictionary.vcxproj", "{9EFC1D1F-C4A6-4769-9801-84C4EC632288}"
EndProject
Global
	GlobalSection(SolutionConfigurationPlatforms) = preSolution
		Debug|Win32 = Debug|Win32
		Release|Win32 = Release|Win32
	EndGlobalSection
	GlobalSection(ProjectConfigurationPlatforms) = postSolution
		{9EFC1D1F-C4A6-4769-9801-84C4EC632288}.Debug|Win32.ActiveCfg = Debug|Win32
		{9EFC1D1F-C4A6-4769-9801-84C4EC632288}.Debug|Win32.Build.0 = Debug|Win32
		{9EFC1D1F-C4A6-4769-9801-84C4EC632288}.Release|Win32.ActiveCfg = Release|Win32
		{9EFC1D1F-C4A6-4769-9801-84C4EC632288}.Release|Win32.Build.0 = Release|Win32
	EndGlobalSection
	GlobalSection(SolutionProperties) = preSolution
		HideSolutionNode = FALSE
	EndGlobalSection
EndGlobal
